
Microsoft Visual Studio Solution File, Format Version 12.00
# Visual Studio Version 16
VisualStudioVersion = 16.0.33130.400
MinimumVisualStudioVersion = 10.0.40219.1
Project("{FAE04EC0-301F-11D3-BF4B-00C04F79EFBC}") = "BackEnd", "BackEnd\BackEnd.csproj", "{E2CF154B-D3A0-4340-885D-70769B0B8675}"
EndProject
Global
	GlobalSection(SolutionConfigurationPlatforms) = preSolution
		Debug|Any CPU = Debug|Any CPU
		Release|Any CPU = Release|Any CPU
	EndGlobalSection
	GlobalSection(ProjectConfigurationPlatforms) = postSolution
		{E2CF154B-D3A0-4340-885D-70769B0B8675}.Debug|Any CPU.ActiveCfg = Debug|Any CPU
		{E2CF154B-D3A0-4340-885D-70769B0B8675}.Debug|Any CPU.Build.0 = Debug|Any CPU
		{E2CF154B-D3A0-4340-885D-70769B0B8675}.Release|Any CPU.ActiveCfg = Release|Any CPU
		{E2CF154B-D3A0-4340-885D-70769B0B8675}.Release|Any CPU.Build.0 = Release|Any CPU
	EndGlobalSection
	GlobalSection(SolutionProperties) = preSolution
		HideSolutionNode = FALSE
	EndGlobalSection
	GlobalSection(ExtensibilityGlobals) = postSolution
		SolutionGuid = {5A786155-8618-4987-A0D6-CECE2ACA4780}
	EndGlobalSection
EndGlobal
